
Microsoft Visual Studio Solution File, Format Version 12.00
# Visual Studio 15
VisualStudioVersion = 15.0.27703.2035
MinimumVisualStudioVersion = 10.0.40219.1
Project("{9A19103F-16F7-4668-BE54-9A1E7A4F7556}") = "String.Grpc.Server", "String.Grpc.Server\String.Grpc.Server.csproj", "{1E431BA5-564B-4D66-A74D-C2D56238763E}"
EndProject
Project("{9A19103F-16F7-4668-BE54-9A1E7A4F7556}") = "String.Grpc.Client", "String.Grpc.Client\String.Grpc.Client.csproj", "{525E6A9F-8276-43F5-996B-BDFD91667115}"
EndProject
Project("{FAE04EC0-301F-11D3-BF4B-00C04F79EFBC}") = "String.Grpc", "String.Grpc\String.Grpc.csproj", "{7FA65D50-0FAB-4373-A947-E4BE6B627F69}"
EndProject
Global
	GlobalSection(SolutionConfigurationPlatforms) = preSolution
		Debug|Any CPU = Debug|Any CPU
		Release|Any CPU = Release|Any CPU
	EndGlobalSection
	GlobalSection(ProjectConfigurationPlatforms) = postSolution
		{1E431BA5-564B-4D66-A74D-C2D56238763E}.Debug|Any CPU.ActiveCfg = Debug|Any CPU
		{1E431BA5-564B-4D66-A74D-C2D56238763E}.Debug|Any CPU.Build.0 = Debug|Any CPU
		{1E431BA5-564B-4D66-A74D-C2D56238763E}.Release|Any CPU.ActiveCfg = Release|Any CPU
		{1E431BA5-564B-4D66-A74D-C2D56238763E}.Release|Any CPU.Build.0 = Release|Any CPU
		{525E6A9F-8276-43F5-996B-BDFD91667115}.Debug|Any CPU.ActiveCfg = Debug|Any CPU
		{525E6A9F-8276-43F5-996B-BDFD91667115}.Debug|Any CPU.Build.0 = Debug|Any CPU
		{525E6A9F-8276-43F5-996B-BDFD91667115}.Release|Any CPU.ActiveCfg = Release|Any CPU
		{525E6A9F-8276-43F5-996B-BDFD91667115}.Release|Any CPU.Build.0 = Release|Any CPU
		{7FA65D50-0FAB-4373-A947-E4BE6B627F69}.Debug|Any CPU.ActiveCfg = Debug|Any CPU
		{7FA65D50-0FAB-4373-A947-E4BE6B627F69}.Debug|Any CPU.Build.0 = Debug|Any CPU
		{7FA65D50-0FAB-4373-A947-E4BE6B627F69}.Release|Any CPU.ActiveCfg = Release|Any CPU
		{7FA65D50-0FAB-4373-A947-E4BE6B627F69}.Release|Any CPU.Build.0 = Release|Any CPU
	EndGlobalSection
	GlobalSection(SolutionProperties) = preSolution
		HideSolutionNode = FALSE
	EndGlobalSection
	GlobalSection(ExtensibilityGlobals) = postSolution
		SolutionGuid = {67651ABC-1BF8-4CE2-94DD-372F539F24BB}
	EndGlobalSection
EndGlobal
